
Microsoft Visual Studio Solution File, Format Version 11.00
# Visual Studio 2010
Project("{FAE04EC0-301F-11D3-BF4B-00C04F79EFBC}") = "SimpleWin", "SimpleWin\SimpleWin.csproj", "{DE8ED6C6-A267-4BCF-8848-D314176782EF}"
EndProject
Project("{FAE04EC0-301F-11D3-BF4B-00C04F79EFBC}") = "SimpleWPF", "SimpleWPF\SimpleWPF.csproj", "{D0A8B542-6490-45D8-B4F9-82B7E0F2DD5B}"
EndProject
Project("{FAE04EC0-301F-11D3-BF4B-00C04F79EFBC}") = "SimpleE4C7", "SimpleE4C7\SimpleE4C7.csproj", "{8C9D33C0-DCD5-49D5-B2E4-38B7A62C0B56}"
EndProject
Project("{FAE04EC0-301F-11D3-BF4B-00C04F79EFBC}") = "SimpleE357", "SimpleE357\SimpleE357.csproj", "{2E459D56-F248-4F25-82E5-0620DA2B53F7}"
EndProject
Global
	GlobalSection(SolutionConfigurationPlatforms) = preSolution
		Debug|Any CPU = Debug|Any CPU
		Debug|Mixed Platforms = Debug|Mixed Platforms
		Debug|x86 = Debug|x86
		Release|Any CPU = Release|Any CPU
		Release|Mixed Platforms = Release|Mixed Platforms
		Release|x86 = Release|x86
	EndGlobalSection
	GlobalSection(ProjectConfigurationPlatforms) = postSolution
		{DE8ED6C6-A267-4BCF-8848-D314176782EF}.Debug|Any CPU.ActiveCfg = Debug|x86
		{DE8ED6C6-A267-4BCF-8848-D314176782EF}.Debug|Mixed Platforms.ActiveCfg = Debug|x86
		{DE8ED6C6-A267-4BCF-8848-D314176782EF}.Debug|Mixed Platforms.Build.0 = Debug|x86
		{DE8ED6C6-A267-4BCF-8848-D314176782EF}.Debug|x86.ActiveCfg = Debug|x86
		{DE8ED6C6-A267-4BCF-8848-D314176782EF}.Debug|x86.Build.0 = Debug|x86
		{DE8ED6C6-A267-4BCF-8848-D314176782EF}.Release|Any CPU.ActiveCfg = Release|x86
		{DE8ED6C6-A267-4BCF-8848-D314176782EF}.Release|Mixed Platforms.ActiveCfg = Release|x86
		{DE8ED6C6-A267-4BCF-8848-D314176782EF}.Release|Mixed Platforms.Build.0 = Release|x86
		{DE8ED6C6-A267-4BCF-8848-D314176782EF}.Release|x86.ActiveCfg = Release|x86
		{DE8ED6C6-A267-4BCF-8848-D314176782EF}.Release|x86.Build.0 = Release|x86
		{D0A8B542-6490-45D8-B4F9-82B7E0F2DD5B}.Debug|Any CPU.ActiveCfg = Debug|x86
		{D0A8B542-6490-45D8-B4F9-82B7E0F2DD5B}.Debug|Mixed Platforms.ActiveCfg = Debug|x86
		{D0A8B542-6490-45D8-B4F9-82B7E0F2DD5B}.Debug|Mixed Platforms.Build.0 = Debug|x86
		{D0A8B542-6490-45D8-B4F9-82B7E0F2DD5B}.Debug|x86.ActiveCfg = Debug|x86
		{D0A8B542-6490-45D8-B4F9-82B7E0F2DD5B}.Debug|x86.Build.0 = Debug|x86
		{D0A8B542-6490-45D8-B4F9-82B7E0F2DD5B}.Release|Any CPU.ActiveCfg = Release|x86
		{D0A8B542-6490-45D8-B4F9-82B7E0F2DD5B}.Release|Mixed Platforms.ActiveCfg = Release|x86
		{D0A8B542-6490-45D8-B4F9-82B7E0F2DD5B}.Release|Mixed Platforms.Build.0 = Release|x86
		{D0A8B542-6490-45D8-B4F9-82B7E0F2DD5B}.Release|x86.ActiveCfg = Release|x86
		{D0A8B542-6490-45D8-B4F9-82B7E0F2DD5B}.Release|x86.Build.0 = Release|x86
		{8C9D33C0-DCD5-49D5-B2E4-38B7A62C0B56}.Debug|Any CPU.ActiveCfg = Debug|Any CPU
		{8C9D33C0-DCD5-49D5-B2E4-38B7A62C0B56}.Debug|Any CPU.Build.0 = Debug|Any CPU
		{8C9D33C0-DCD5-49D5-B2E4-38B7A62C0B56}.Debug|Mixed Platforms.ActiveCfg = Debug|Any CPU
		{8C9D33C0-DCD5-49D5-B2E4-38B7A62C0B56}.Debug|Mixed Platforms.Build.0 = Debug|Any CPU
		{8C9D33C0-DCD5-49D5-B2E4-38B7A62C0B56}.Debug|x86.ActiveCfg = Debug|Any CPU
		{8C9D33C0-DCD5-49D5-B2E4-38B7A62C0B56}.Release|Any CPU.ActiveCfg = Release|Any CPU
		{8C9D33C0-DCD5-49D5-B2E4-38B7A62C0B56}.Release|Any CPU.Build.0 = Release|Any CPU
		{8C9D33C0-DCD5-49D5-B2E4-38B7A62C0B56}.Release|Mixed Platforms.ActiveCfg = Release|Any CPU
		{8C9D33C0-DCD5-49D5-B2E4-38B7A62C0B56}.Release|Mixed Platforms.Build.0 = Release|Any CPU
		{8C9D33C0-DCD5-49D5-B2E4-38B7A62C0B56}.Release|x86.ActiveCfg = Release|Any CPU
		{2E459D56-F248-4F25-82E5-0620DA2B53F7}.Debug|Any CPU.ActiveCfg = Debug|Any CPU
		{2E459D56-F248-4F25-82E5-0620DA2B53F7}.Debug|Any CPU.Build.0 = Debug|Any CPU
		{2E459D56-F248-4F25-82E5-0620DA2B53F7}.Debug|Mixed Platforms.ActiveCfg = Debug|Any CPU
		{2E459D56-F248-4F25-82E5-0620DA2B53F7}.Debug|Mixed Platforms.Build.0 = Debug|Any CPU
		{2E459D56-F248-4F25-82E5-0620DA2B53F7}.Debug|x86.ActiveCfg = Debug|Any CPU
		{2E459D56-F248-4F25-82E5-0620DA2B53F7}.Release|Any CPU.ActiveCfg = Release|Any CPU
		{2E459D56-F248-4F25-82E5-0620DA2B53F7}.Release|Any CPU.Build.0 = Release|Any CPU
		{2E459D56-F248-4F25-82E5-0620DA2B53F7}.Release|Mixed Platforms.ActiveCfg = Release|Any CPU
		{2E459D56-F248-4F25-82E5-0620DA2B53F7}.Release|Mixed Platforms.Build.0 = Release|Any CPU
		{2E459D56-F248-4F25-82E5-0620DA2B53F7}.Release|x86.ActiveCfg = Release|Any CPU
	EndGlobalSection
	GlobalSection(SolutionProperties) = preSolution
		HideSolutionNode = FALSE
	EndGlobalSection
EndGlobal
