
Microsoft Visual Studio Solution File, Format Version 11.00
# Visual Studio 2010
Project("{FAE04EC0-301F-11D3-BF4B-00C04F79EFBC}") = "XmlProba", "XmlProba\XmlProba.csproj", "{ED6C7FE6-311D-4384-9FBF-634FE0CFBCC8}"
EndProject
Project("{2150E333-8FDC-42A3-9474-1A3956D46DE8}") = "Tests", "Tests", "{1F4FDF59-8925-41C3-989E-FB198D18BE0C}"
EndProject
Project("{FAE04EC0-301F-11D3-BF4B-00C04F79EFBC}") = "RunXml", "RunXml\RunXml.csproj", "{E1CDD42B-3249-4087-8BA9-347B2F38CAC6}"
EndProject
Project("{FAE04EC0-301F-11D3-BF4B-00C04F79EFBC}") = "TestProject", "TestProject\TestProject.csproj", "{6AA89879-203C-4904-B535-D4C590361C18}"
EndProject
Project("{2150E333-8FDC-42A3-9474-1A3956D46DE8}") = "Solution Items", "Solution Items", "{8823EDD5-A60A-4498-9412-A7F296F59A3B}"
	ProjectSection(SolutionItems) = preProject
		Local.testsettings = Local.testsettings
		TraceAndTestImpact.testsettings = TraceAndTestImpact.testsettings
		XmlProba.vsmdi = XmlProba.vsmdi
	EndProjectSection
EndProject
Global
	GlobalSection(TestCaseManagementSettings) = postSolution
		CategoryFile = XmlProba.vsmdi
	EndGlobalSection
	GlobalSection(SolutionConfigurationPlatforms) = preSolution
		Debug|Any CPU = Debug|Any CPU
		Debug|Mixed Platforms = Debug|Mixed Platforms
		Debug|x86 = Debug|x86
		Release|Any CPU = Release|Any CPU
		Release|Mixed Platforms = Release|Mixed Platforms
		Release|x86 = Release|x86
	EndGlobalSection
	GlobalSection(ProjectConfigurationPlatforms) = postSolution
		{ED6C7FE6-311D-4384-9FBF-634FE0CFBCC8}.Debug|Any CPU.ActiveCfg = Debug|Any CPU
		{ED6C7FE6-311D-4384-9FBF-634FE0CFBCC8}.Debug|Any CPU.Build.0 = Debug|Any CPU
		{ED6C7FE6-311D-4384-9FBF-634FE0CFBCC8}.Debug|Mixed Platforms.ActiveCfg = Debug|Any CPU
		{ED6C7FE6-311D-4384-9FBF-634FE0CFBCC8}.Debug|Mixed Platforms.Build.0 = Debug|Any CPU
		{ED6C7FE6-311D-4384-9FBF-634FE0CFBCC8}.Debug|x86.ActiveCfg = Debug|Any CPU
		{ED6C7FE6-311D-4384-9FBF-634FE0CFBCC8}.Release|Any CPU.ActiveCfg = Release|Any CPU
		{ED6C7FE6-311D-4384-9FBF-634FE0CFBCC8}.Release|Any CPU.Build.0 = Release|Any CPU
		{ED6C7FE6-311D-4384-9FBF-634FE0CFBCC8}.Release|Mixed Platforms.ActiveCfg = Release|Any CPU
		{ED6C7FE6-311D-4384-9FBF-634FE0CFBCC8}.Release|Mixed Platforms.Build.0 = Release|Any CPU
		{ED6C7FE6-311D-4384-9FBF-634FE0CFBCC8}.Release|x86.ActiveCfg = Release|Any CPU
		{E1CDD42B-3249-4087-8BA9-347B2F38CAC6}.Debug|Any CPU.ActiveCfg = Debug|x86
		{E1CDD42B-3249-4087-8BA9-347B2F38CAC6}.Debug|Mixed Platforms.ActiveCfg = Debug|x86
		{E1CDD42B-3249-4087-8BA9-347B2F38CAC6}.Debug|Mixed Platforms.Build.0 = Debug|x86
		{E1CDD42B-3249-4087-8BA9-347B2F38CAC6}.Debug|x86.ActiveCfg = Debug|x86
		{E1CDD42B-3249-4087-8BA9-347B2F38CAC6}.Debug|x86.Build.0 = Debug|x86
		{E1CDD42B-3249-4087-8BA9-347B2F38CAC6}.Release|Any CPU.ActiveCfg = Release|x86
		{E1CDD42B-3249-4087-8BA9-347B2F38CAC6}.Release|Mixed Platforms.ActiveCfg = Release|x86
		{E1CDD42B-3249-4087-8BA9-347B2F38CAC6}.Release|Mixed Platforms.Build.0 = Release|x86
		{E1CDD42B-3249-4087-8BA9-347B2F38CAC6}.Release|x86.ActiveCfg = Release|x86
		{E1CDD42B-3249-4087-8BA9-347B2F38CAC6}.Release|x86.Build.0 = Release|x86
		{6AA89879-203C-4904-B535-D4C590361C18}.Debug|Any CPU.ActiveCfg = Debug|Any CPU
		{6AA89879-203C-4904-B535-D4C590361C18}.Debug|Any CPU.Build.0 = Debug|Any CPU
		{6AA89879-203C-4904-B535-D4C590361C18}.Debug|Mixed Platforms.ActiveCfg = Debug|Any CPU
		{6AA89879-203C-4904-B535-D4C590361C18}.Debug|Mixed Platforms.Build.0 = Debug|Any CPU
		{6AA89879-203C-4904-B535-D4C590361C18}.Debug|x86.ActiveCfg = Debug|Any CPU
		{6AA89879-203C-4904-B535-D4C590361C18}.Release|Any CPU.ActiveCfg = Release|Any CPU
		{6AA89879-203C-4904-B535-D4C590361C18}.Release|Any CPU.Build.0 = Release|Any CPU
		{6AA89879-203C-4904-B535-D4C590361C18}.Release|Mixed Platforms.ActiveCfg = Release|Any CPU
		{6AA89879-203C-4904-B535-D4C590361C18}.Release|Mixed Platforms.Build.0 = Release|Any CPU
		{6AA89879-203C-4904-B535-D4C590361C18}.Release|x86.ActiveCfg = Release|Any CPU
	EndGlobalSection
	GlobalSection(SolutionProperties) = preSolution
		HideSolutionNode = FALSE
	EndGlobalSection
	GlobalSection(NestedProjects) = preSolution
		{6AA89879-203C-4904-B535-D4C590361C18} = {1F4FDF59-8925-41C3-989E-FB198D18BE0C}
		{8823EDD5-A60A-4498-9412-A7F296F59A3B} = {1F4FDF59-8925-41C3-989E-FB198D18BE0C}
	EndGlobalSection
EndGlobal
