
Microsoft Visual Studio Solution File, Format Version 11.00
# Visual Studio 2010
Project("{FAE04EC0-301F-11D3-BF4B-00C04F79EFBC}") = "WPFGriid", "WPFGriid.csproj", "{1006C32D-93B5-42E4-B35D-9D84182A54D0}"
EndProject
Global
	GlobalSection(SolutionConfigurationPlatforms) = preSolution
		Debug|x86 = Debug|x86
		Release|x86 = Release|x86
	EndGlobalSection
	GlobalSection(ProjectConfigurationPlatforms) = postSolution
		{1006C32D-93B5-42E4-B35D-9D84182A54D0}.Debug|x86.ActiveCfg = Debug|x86
		{1006C32D-93B5-42E4-B35D-9D84182A54D0}.Debug|x86.Build.0 = Debug|x86
		{1006C32D-93B5-42E4-B35D-9D84182A54D0}.Release|x86.ActiveCfg = Release|x86
		{1006C32D-93B5-42E4-B35D-9D84182A54D0}.Release|x86.Build.0 = Release|x86
	EndGlobalSection
	GlobalSection(SolutionProperties) = preSolution
		HideSolutionNode = FALSE
	EndGlobalSection
EndGlobal
