
Microsoft Visual Studio Solution File, Format Version 11.00
# Visual Studio 2010
Project("{FAE04EC0-301F-11D3-BF4B-00C04F79EFBC}") = "Ref", "Ref\Ref.csproj", "{AFAF272D-0A5F-4954-ACD6-9CCC5B38A3F6}"
EndProject
Project("{FAE04EC0-301F-11D3-BF4B-00C04F79EFBC}") = "Call", "Call\Call.csproj", "{FC5D9C73-CFCE-4021-91F7-8E75EE03F804}"
EndProject
Project("{FAE04EC0-301F-11D3-BF4B-00C04F79EFBC}") = "Prog", "Prog\Prog.csproj", "{77AD0209-B691-4907-AFA6-AEAFF8913A86}"
EndProject
Global
	GlobalSection(SolutionConfigurationPlatforms) = preSolution
		Debug|Any CPU = Debug|Any CPU
		Debug|Mixed Platforms = Debug|Mixed Platforms
		Debug|x86 = Debug|x86
		Release|Any CPU = Release|Any CPU
		Release|Mixed Platforms = Release|Mixed Platforms
		Release|x86 = Release|x86
	EndGlobalSection
	GlobalSection(ProjectConfigurationPlatforms) = postSolution
		{AFAF272D-0A5F-4954-ACD6-9CCC5B38A3F6}.Debug|Any CPU.ActiveCfg = Debug|Any CPU
		{AFAF272D-0A5F-4954-ACD6-9CCC5B38A3F6}.Debug|Any CPU.Build.0 = Debug|Any CPU
		{AFAF272D-0A5F-4954-ACD6-9CCC5B38A3F6}.Debug|Mixed Platforms.ActiveCfg = Debug|Any CPU
		{AFAF272D-0A5F-4954-ACD6-9CCC5B38A3F6}.Debug|Mixed Platforms.Build.0 = Debug|Any CPU
		{AFAF272D-0A5F-4954-ACD6-9CCC5B38A3F6}.Debug|x86.ActiveCfg = Debug|Any CPU
		{AFAF272D-0A5F-4954-ACD6-9CCC5B38A3F6}.Release|Any CPU.ActiveCfg = Release|Any CPU
		{AFAF272D-0A5F-4954-ACD6-9CCC5B38A3F6}.Release|Any CPU.Build.0 = Release|Any CPU
		{AFAF272D-0A5F-4954-ACD6-9CCC5B38A3F6}.Release|Mixed Platforms.ActiveCfg = Release|Any CPU
		{AFAF272D-0A5F-4954-ACD6-9CCC5B38A3F6}.Release|Mixed Platforms.Build.0 = Release|Any CPU
		{AFAF272D-0A5F-4954-ACD6-9CCC5B38A3F6}.Release|x86.ActiveCfg = Release|Any CPU
		{FC5D9C73-CFCE-4021-91F7-8E75EE03F804}.Debug|Any CPU.ActiveCfg = Debug|Any CPU
		{FC5D9C73-CFCE-4021-91F7-8E75EE03F804}.Debug|Any CPU.Build.0 = Debug|Any CPU
		{FC5D9C73-CFCE-4021-91F7-8E75EE03F804}.Debug|Mixed Platforms.ActiveCfg = Debug|Any CPU
		{FC5D9C73-CFCE-4021-91F7-8E75EE03F804}.Debug|Mixed Platforms.Build.0 = Debug|Any CPU
		{FC5D9C73-CFCE-4021-91F7-8E75EE03F804}.Debug|x86.ActiveCfg = Debug|Any CPU
		{FC5D9C73-CFCE-4021-91F7-8E75EE03F804}.Release|Any CPU.ActiveCfg = Release|Any CPU
		{FC5D9C73-CFCE-4021-91F7-8E75EE03F804}.Release|Any CPU.Build.0 = Release|Any CPU
		{FC5D9C73-CFCE-4021-91F7-8E75EE03F804}.Release|Mixed Platforms.ActiveCfg = Release|Any CPU
		{FC5D9C73-CFCE-4021-91F7-8E75EE03F804}.Release|Mixed Platforms.Build.0 = Release|Any CPU
		{FC5D9C73-CFCE-4021-91F7-8E75EE03F804}.Release|x86.ActiveCfg = Release|Any CPU
		{77AD0209-B691-4907-AFA6-AEAFF8913A86}.Debug|Any CPU.ActiveCfg = Debug|x86
		{77AD0209-B691-4907-AFA6-AEAFF8913A86}.Debug|Mixed Platforms.ActiveCfg = Debug|x86
		{77AD0209-B691-4907-AFA6-AEAFF8913A86}.Debug|Mixed Platforms.Build.0 = Debug|x86
		{77AD0209-B691-4907-AFA6-AEAFF8913A86}.Debug|x86.ActiveCfg = Debug|x86
		{77AD0209-B691-4907-AFA6-AEAFF8913A86}.Debug|x86.Build.0 = Debug|x86
		{77AD0209-B691-4907-AFA6-AEAFF8913A86}.Release|Any CPU.ActiveCfg = Release|x86
		{77AD0209-B691-4907-AFA6-AEAFF8913A86}.Release|Mixed Platforms.ActiveCfg = Release|x86
		{77AD0209-B691-4907-AFA6-AEAFF8913A86}.Release|Mixed Platforms.Build.0 = Release|x86
		{77AD0209-B691-4907-AFA6-AEAFF8913A86}.Release|x86.ActiveCfg = Release|x86
		{77AD0209-B691-4907-AFA6-AEAFF8913A86}.Release|x86.Build.0 = Release|x86
	EndGlobalSection
	GlobalSection(SolutionProperties) = preSolution
		HideSolutionNode = FALSE
	EndGlobalSection
EndGlobal
