
Microsoft Visual Studio Solution File, Format Version 11.00
# Visual Studio 2010
Project("{FAE04EC0-301F-11D3-BF4B-00C04F79EFBC}") = "DaoProba", "DaoProba\DaoProba.csproj", "{C6C00233-5EE2-4532-BE36-6E04AE3D21CE}"
EndProject
Global
	GlobalSection(SolutionConfigurationPlatforms) = preSolution
		Debug|Any CPU = Debug|Any CPU
		Debug|Mixed Platforms = Debug|Mixed Platforms
		Debug|x86 = Debug|x86
		Release|Any CPU = Release|Any CPU
		Release|Mixed Platforms = Release|Mixed Platforms
		Release|x86 = Release|x86
	EndGlobalSection
	GlobalSection(ProjectConfigurationPlatforms) = postSolution
		{C6C00233-5EE2-4532-BE36-6E04AE3D21CE}.Debug|Any CPU.ActiveCfg = Debug|x86
		{C6C00233-5EE2-4532-BE36-6E04AE3D21CE}.Debug|Mixed Platforms.ActiveCfg = Debug|x86
		{C6C00233-5EE2-4532-BE36-6E04AE3D21CE}.Debug|Mixed Platforms.Build.0 = Debug|x86
		{C6C00233-5EE2-4532-BE36-6E04AE3D21CE}.Debug|x86.ActiveCfg = Debug|x86
		{C6C00233-5EE2-4532-BE36-6E04AE3D21CE}.Debug|x86.Build.0 = Debug|x86
		{C6C00233-5EE2-4532-BE36-6E04AE3D21CE}.Release|Any CPU.ActiveCfg = Release|x86
		{C6C00233-5EE2-4532-BE36-6E04AE3D21CE}.Release|Mixed Platforms.ActiveCfg = Release|x86
		{C6C00233-5EE2-4532-BE36-6E04AE3D21CE}.Release|Mixed Platforms.Build.0 = Release|x86
		{C6C00233-5EE2-4532-BE36-6E04AE3D21CE}.Release|x86.ActiveCfg = Release|x86
		{C6C00233-5EE2-4532-BE36-6E04AE3D21CE}.Release|x86.Build.0 = Release|x86
	EndGlobalSection
	GlobalSection(SolutionProperties) = preSolution
		HideSolutionNode = FALSE
	EndGlobalSection
EndGlobal
